// !$*UTF8*$!
{
	archiveVersion = 1;
	classes = {
	};
	objectVersion = 56;
	objects = {

/* Begin PBXBuildFile section */
		02098CAE29DFF48300BA4C39 /* MnemonicsStore.swift in Sources */ = {isa = PBXBuildFile; fileRef = 02098CAD29DFF48300BA4C39 /* MnemonicsStore.swift */; };
		0213233929E4329000E4A6C4 /* BIP32KeyStore.swift in Sources */ = {isa = PBXBuildFile; fileRef = 0213233829E4329000E4A6C4 /* BIP32KeyStore.swift */; };
		0213233B29E432A000E4A6C4 /* EthereumKeyStore.swift in Sources */ = {isa = PBXBuildFile; fileRef = 0213233A29E432A000E4A6C4 /* EthereumKeyStore.swift */; };
		024CFD3829DBD1FF0083050E /* Ethereum.swift in Sources */ = {isa = PBXBuildFile; fileRef = 024CFD3729DBD1FF0083050E /* Ethereum.swift */; };
		024CFD3C29DBD37D0083050E /* web3swift in Frameworks */ = {isa = PBXBuildFile; productRef = 024CFD3B29DBD37D0083050E /* web3swift */; };
		024CFD3E29DBD3DE0083050E /* EthereumUtil.swift in Sources */ = {isa = PBXBuildFile; fileRef = 024CFD3D29DBD3DE0083050E /* EthereumUtil.swift */; };
		024CFD4029DBD49B0083050E /* PrivateKeyStore.swift in Sources */ = {isa = PBXBuildFile; fileRef = 024CFD3F29DBD49B0083050E /* PrivateKeyStore.swift */; };
		024CFD4229DBDA6F0083050E /* Network.swift in Sources */ = {isa = PBXBuildFile; fileRef = 024CFD4129DBDA6F0083050E /* Network.swift */; };
		024CFD4429DC3BF30083050E /* PrivateKey.swift in Sources */ = {isa = PBXBuildFile; fileRef = 024CFD4329DC3BF30083050E /* PrivateKey.swift */; };
		0269227729DE75F700F46297 /* SendEtherApp.swift in Sources */ = {isa = PBXBuildFile; fileRef = 0269227629DE75F700F46297 /* SendEtherApp.swift */; };
		0269227929DE780400F46297 /* SendEtherView.swift in Sources */ = {isa = PBXBuildFile; fileRef = 0269227829DE780400F46297 /* SendEtherView.swift */; };
		027B0A7929DAB7A8002FF37F /* ComposableArchitecture in Frameworks */ = {isa = PBXBuildFile; productRef = 027B0A7829DAB7A8002FF37F /* ComposableArchitecture */; };
		027B0A7C29DAB817002FF37F /* ActivityIndicatorView in Frameworks */ = {isa = PBXBuildFile; productRef = 027B0A7B29DAB817002FF37F /* ActivityIndicatorView */; };
		027B0A8129DAB9AB002FF37F /* Navigation+TCA.swift in Sources */ = {isa = PBXBuildFile; fileRef = 027B0A8029DAB9AB002FF37F /* Navigation+TCA.swift */; };
		027B0A8329DABBF7002FF37F /* RootApp.swift in Sources */ = {isa = PBXBuildFile; fileRef = 027B0A8229DABBF7002FF37F /* RootApp.swift */; };
		027B0A8529DABD05002FF37F /* WalletApp.swift in Sources */ = {isa = PBXBuildFile; fileRef = 027B0A8429DABD05002FF37F /* WalletApp.swift */; };
		027B0A8A29DABD8E002FF37F /* Error.swift in Sources */ = {isa = PBXBuildFile; fileRef = 027B0A8929DABD8E002FF37F /* Error.swift */; };
		027B0A8C29DAC21A002FF37F /* WalletView.swift in Sources */ = {isa = PBXBuildFile; fileRef = 027B0A8B29DAC21A002FF37F /* WalletView.swift */; };
		027B0A9129DAC276002FF37F /* HUD.swift in Sources */ = {isa = PBXBuildFile; fileRef = 027B0A9029DAC276002FF37F /* HUD.swift */; };
		027B0A9329DAC722002FF37F /* ManageKeyApp.swift in Sources */ = {isa = PBXBuildFile; fileRef = 027B0A9229DAC722002FF37F /* ManageKeyApp.swift */; };
		027B0A9529DAC736002FF37F /* ManageKeyView.swift in Sources */ = {isa = PBXBuildFile; fileRef = 027B0A9429DAC736002FF37F /* ManageKeyView.swift */; };
		027B0A9729DAD29A002FF37F /* Button.swift in Sources */ = {isa = PBXBuildFile; fileRef = 027B0A9629DAD29A002FF37F /* Button.swift */; };
		027B0A9929DAD69B002FF37F /* Input.swift in Sources */ = {isa = PBXBuildFile; fileRef = 027B0A9829DAD69B002FF37F /* Input.swift */; };
		02B31D8B29E6DD470008D9DA /* Env.swift in Sources */ = {isa = PBXBuildFile; fileRef = 02B31D8A29E6DD470008D9DA /* Env.swift */; };
		02B31D8D29E6DDD00008D9DA /* Config.xcconfig in Resources */ = {isa = PBXBuildFile; fileRef = 02B31D8C29E6DDD00008D9DA /* Config.xcconfig */; };
		02B6CB2329DAB1F9009E7BE8 /* HDWalletApp.swift in Sources */ = {isa = PBXBuildFile; fileRef = 02B6CB2229DAB1F9009E7BE8 /* HDWalletApp.swift */; };
		02B6CB2529DAB1F9009E7BE8 /* RootView.swift in Sources */ = {isa = PBXBuildFile; fileRef = 02B6CB2429DAB1F9009E7BE8 /* RootView.swift */; };
		02B6CB2729DAB1FB009E7BE8 /* Assets.xcassets in Resources */ = {isa = PBXBuildFile; fileRef = 02B6CB2629DAB1FB009E7BE8 /* Assets.xcassets */; };
		02B6CB2A29DAB1FB009E7BE8 /* Preview Assets.xcassets in Resources */ = {isa = PBXBuildFile; fileRef = 02B6CB2929DAB1FB009E7BE8 /* Preview Assets.xcassets */; };
		02B88F2D29DD1C1E0010CB1E /* SelectAccountView.swift in Sources */ = {isa = PBXBuildFile; fileRef = 02B88F2C29DD1C1E0010CB1E /* SelectAccountView.swift */; };
		02B88F2F29DD1C870010CB1E /* SelectAccountApp.swift in Sources */ = {isa = PBXBuildFile; fileRef = 02B88F2E29DD1C870010CB1E /* SelectAccountApp.swift */; };
		02B88F3129DD1D3C0010CB1E /* Account.swift in Sources */ = {isa = PBXBuildFile; fileRef = 02B88F3029DD1D3C0010CB1E /* Account.swift */; };
		02B88F3329DD51E30010CB1E /* DataStore.swift in Sources */ = {isa = PBXBuildFile; fileRef = 02B88F3229DD51E30010CB1E /* DataStore.swift */; };
		02B88F3829DD75C90010CB1E /* SelectNetworkApp.swift in Sources */ = {isa = PBXBuildFile; fileRef = 02B88F3729DD75C90010CB1E /* SelectNetworkApp.swift */; };
		02B88F3A29DD75DB0010CB1E /* SelectNetworkView.swift in Sources */ = {isa = PBXBuildFile; fileRef = 02B88F3929DD75DB0010CB1E /* SelectNetworkView.swift */; };
/* End PBXBuildFile section */

/* Begin PBXFileReference section */
		02098CAD29DFF48300BA4C39 /* MnemonicsStore.swift */ = {isa = PBXFileReference; lastKnownFileType = sourcecode.swift; path = MnemonicsStore.swift; sourceTree = "<group>"; };
		0213233829E4329000E4A6C4 /* BIP32KeyStore.swift */ = {isa = PBXFileReference; lastKnownFileType = sourcecode.swift; path = BIP32KeyStore.swift; sourceTree = "<group>"; };
		0213233A29E432A000E4A6C4 /* EthereumKeyStore.swift */ = {isa = PBXFileReference; lastKnownFileType = sourcecode.swift; path = EthereumKeyStore.swift; sourceTree = "<group>"; };
		024CFD3729DBD1FF0083050E /* Ethereum.swift */ = {isa = PBXFileReference; lastKnownFileType = sourcecode.swift; path = Ethereum.swift; sourceTree = "<group>"; };
		024CFD3D29DBD3DE0083050E /* EthereumUtil.swift */ = {isa = PBXFileReference; lastKnownFileType = sourcecode.swift; path = EthereumUtil.swift; sourceTree = "<group>"; };
		024CFD3F29DBD49B0083050E /* PrivateKeyStore.swift */ = {isa = PBXFileReference; lastKnownFileType = sourcecode.swift; path = PrivateKeyStore.swift; sourceTree = "<group>"; };
		024CFD4129DBDA6F0083050E /* Network.swift */ = {isa = PBXFileReference; lastKnownFileType = sourcecode.swift; path = Network.swift; sourceTree = "<group>"; };
		024CFD4329DC3BF30083050E /* PrivateKey.swift */ = {isa = PBXFileReference; lastKnownFileType = sourcecode.swift; path = PrivateKey.swift; sourceTree = "<group>"; };
		0269227629DE75F700F46297 /* SendEtherApp.swift */ = {isa = PBXFileReference; lastKnownFileType = sourcecode.swift; path = SendEtherApp.swift; sourceTree = "<group>"; };
		0269227829DE780400F46297 /* SendEtherView.swift */ = {isa = PBXFileReference; lastKnownFileType = sourcecode.swift; path = SendEtherView.swift; sourceTree = "<group>"; };
		027B0A8029DAB9AB002FF37F /* Navigation+TCA.swift */ = {isa = PBXFileReference; lastKnownFileType = sourcecode.swift; path = "Navigation+TCA.swift"; sourceTree = "<group>"; };
		027B0A8229DABBF7002FF37F /* RootApp.swift */ = {isa = PBXFileReference; lastKnownFileType = sourcecode.swift; path = RootApp.swift; sourceTree = "<group>"; };
		027B0A8429DABD05002FF37F /* WalletApp.swift */ = {isa = PBXFileReference; lastKnownFileType = sourcecode.swift; path = WalletApp.swift; sourceTree = "<group>"; };
		027B0A8929DABD8E002FF37F /* Error.swift */ = {isa = PBXFileReference; lastKnownFileType = sourcecode.swift; path = Error.swift; sourceTree = "<group>"; };
		027B0A8B29DAC21A002FF37F /* WalletView.swift */ = {isa = PBXFileReference; lastKnownFileType = sourcecode.swift; path = WalletView.swift; sourceTree = "<group>"; };
		027B0A9029DAC276002FF37F /* HUD.swift */ = {isa = PBXFileReference; lastKnownFileType = sourcecode.swift; path = HUD.swift; sourceTree = "<group>"; };
		027B0A9229DAC722002FF37F /* ManageKeyApp.swift */ = {isa = PBXFileReference; lastKnownFileType = sourcecode.swift; path = ManageKeyApp.swift; sourceTree = "<group>"; };
		027B0A9429DAC736002FF37F /* ManageKeyView.swift */ = {isa = PBXFileReference; lastKnownFileType = sourcecode.swift; path = ManageKeyView.swift; sourceTree = "<group>"; };
		027B0A9629DAD29A002FF37F /* Button.swift */ = {isa = PBXFileReference; lastKnownFileType = sourcecode.swift; path = Button.swift; sourceTree = "<group>"; };
		027B0A9829DAD69B002FF37F /* Input.swift */ = {isa = PBXFileReference; lastKnownFileType = sourcecode.swift; path = Input.swift; sourceTree = "<group>"; };
		02B31D8A29E6DD470008D9DA /* Env.swift */ = {isa = PBXFileReference; lastKnownFileType = sourcecode.swift; path = Env.swift; sourceTree = "<group>"; };
		02B31D8C29E6DDD00008D9DA /* Config.xcconfig */ = {isa = PBXFileReference; fileEncoding = 4; lastKnownFileType = text.xcconfig; path = Config.xcconfig; sourceTree = "<group>"; };
		02B31D8E29E6DE060008D9DA /* Info.plist */ = {isa = PBXFileReference; lastKnownFileType = text.plist; path = Info.plist; sourceTree = "<group>"; };
		02B6CB1F29DAB1F9009E7BE8 /* HDWallet.app */ = {isa = PBXFileReference; explicitFileType = wrapper.application; includeInIndex = 0; path = HDWallet.app; sourceTree = BUILT_PRODUCTS_DIR; };
		02B6CB2229DAB1F9009E7BE8 /* HDWalletApp.swift */ = {isa = PBXFileReference; lastKnownFileType = sourcecode.swift; path = HDWalletApp.swift; sourceTree = "<group>"; };
		02B6CB2429DAB1F9009E7BE8 /* RootView.swift */ = {isa = PBXFileReference; lastKnownFileType = sourcecode.swift; path = RootView.swift; sourceTree = "<group>"; };
		02B6CB2629DAB1FB009E7BE8 /* Assets.xcassets */ = {isa = PBXFileReference; lastKnownFileType = folder.assetcatalog; path = Assets.xcassets; sourceTree = "<group>"; };
		02B6CB2929DAB1FB009E7BE8 /* Preview Assets.xcassets */ = {isa = PBXFileReference; lastKnownFileType = folder.assetcatalog; path = "Preview Assets.xcassets"; sourceTree = "<group>"; };
		02B88F2C29DD1C1E0010CB1E /* SelectAccountView.swift */ = {isa = PBXFileReference; lastKnownFileType = sourcecode.swift; path = SelectAccountView.swift; sourceTree = "<group>"; };
		02B88F2E29DD1C870010CB1E /* SelectAccountApp.swift */ = {isa = PBXFileReference; lastKnownFileType = sourcecode.swift; path = SelectAccountApp.swift; sourceTree = "<group>"; };
		02B88F3029DD1D3C0010CB1E /* Account.swift */ = {isa = PBXFileReference; lastKnownFileType = sourcecode.swift; path = Account.swift; sourceTree = "<group>"; };
		02B88F3229DD51E30010CB1E /* DataStore.swift */ = {isa = PBXFileReference; lastKnownFileType = sourcecode.swift; path = DataStore.swift; sourceTree = "<group>"; };
		02B88F3729DD75C90010CB1E /* SelectNetworkApp.swift */ = {isa = PBXFileReference; lastKnownFileType = sourcecode.swift; path = SelectNetworkApp.swift; sourceTree = "<group>"; };
		02B88F3929DD75DB0010CB1E /* SelectNetworkView.swift */ = {isa = PBXFileReference; lastKnownFileType = sourcecode.swift; path = SelectNetworkView.swift; sourceTree = "<group>"; };
/* End PBXFileReference section */

/* Begin PBXFrameworksBuildPhase section */
		02B6CB1C29DAB1F9009E7BE8 /* Frameworks */ = {
			isa = PBXFrameworksBuildPhase;
			buildActionMask = 2147483647;
			files = (
				027B0A7C29DAB817002FF37F /* ActivityIndicatorView in Frameworks */,
				027B0A7929DAB7A8002FF37F /* ComposableArchitecture in Frameworks */,
				024CFD3C29DBD37D0083050E /* web3swift in Frameworks */,
			);
			runOnlyForDeploymentPostprocessing = 0;
		};
/* End PBXFrameworksBuildPhase section */

/* Begin PBXGroup section */
		024CFD3629DBD1DE0083050E /* Infra */ = {
			isa = PBXGroup;
			children = (
				024CFD3929DBD2430083050E /* Ethereum */,
				024CFD3F29DBD49B0083050E /* PrivateKeyStore.swift */,
				02098CAD29DFF48300BA4C39 /* MnemonicsStore.swift */,
				0213233829E4329000E4A6C4 /* BIP32KeyStore.swift */,
				0213233A29E432A000E4A6C4 /* EthereumKeyStore.swift */,
				02B88F3229DD51E30010CB1E /* DataStore.swift */,
			);
			path = Infra;
			sourceTree = "<group>";
		};
		024CFD3929DBD2430083050E /* Ethereum */ = {
			isa = PBXGroup;
			children = (
				024CFD3729DBD1FF0083050E /* Ethereum.swift */,
				024CFD3D29DBD3DE0083050E /* EthereumUtil.swift */,
			);
			path = Ethereum;
			sourceTree = "<group>";
		};
		0269227A29DEB0C400F46297 /* Root */ = {
			isa = PBXGroup;
			children = (
				027B0A8229DABBF7002FF37F /* RootApp.swift */,
				02B6CB2429DAB1F9009E7BE8 /* RootView.swift */,
			);
			path = Root;
			sourceTree = "<group>";
		};
		0269227B29DEB0CE00F46297 /* Wallet */ = {
			isa = PBXGroup;
			children = (
				027B0A8429DABD05002FF37F /* WalletApp.swift */,
				027B0A8B29DAC21A002FF37F /* WalletView.swift */,
				0269227629DE75F700F46297 /* SendEtherApp.swift */,
				0269227829DE780400F46297 /* SendEtherView.swift */,
			);
			path = Wallet;
			sourceTree = "<group>";
		};
		0269227D29DEB0E700F46297 /* SettingWallet */ = {
			isa = PBXGroup;
			children = (
				027B0A9229DAC722002FF37F /* ManageKeyApp.swift */,
				027B0A9429DAC736002FF37F /* ManageKeyView.swift */,
				02B88F2E29DD1C870010CB1E /* SelectAccountApp.swift */,
				02B88F2C29DD1C1E0010CB1E /* SelectAccountView.swift */,
				02B88F3729DD75C90010CB1E /* SelectNetworkApp.swift */,
				02B88F3929DD75DB0010CB1E /* SelectNetworkView.swift */,
			);
			path = SettingWallet;
			sourceTree = "<group>";
		};
		027B0A7D29DAB82E002FF37F /* Page */ = {
			isa = PBXGroup;
			children = (
				0269227A29DEB0C400F46297 /* Root */,
				0269227B29DEB0CE00F46297 /* Wallet */,
				0269227D29DEB0E700F46297 /* SettingWallet */,
				027B0A7F29DAB96B002FF37F /* Extension */,
				027B0A8F29DAC266002FF37F /* Component */,
			);
			path = Page;
			sourceTree = "<group>";
		};
		027B0A7F29DAB96B002FF37F /* Extension */ = {
			isa = PBXGroup;
			children = (
				027B0A8029DAB9AB002FF37F /* Navigation+TCA.swift */,
			);
			path = Extension;
			sourceTree = "<group>";
		};
		027B0A8829DABD82002FF37F /* Model */ = {
			isa = PBXGroup;
			children = (
				024CFD4329DC3BF30083050E /* PrivateKey.swift */,
				02B88F3029DD1D3C0010CB1E /* Account.swift */,
				024CFD4129DBDA6F0083050E /* Network.swift */,
				027B0A8929DABD8E002FF37F /* Error.swift */,
			);
			path = Model;
			sourceTree = "<group>";
		};
		027B0A8F29DAC266002FF37F /* Component */ = {
			isa = PBXGroup;
			children = (
				027B0A9029DAC276002FF37F /* HUD.swift */,
				027B0A9629DAD29A002FF37F /* Button.swift */,
				027B0A9829DAD69B002FF37F /* Input.swift */,
			);
			path = Component;
			sourceTree = "<group>";
		};
		02B6CB1629DAB1F9009E7BE8 = {
			isa = PBXGroup;
			children = (
				02B6CB2129DAB1F9009E7BE8 /* HDWallet */,
				02B6CB2029DAB1F9009E7BE8 /* Products */,
			);
			sourceTree = "<group>";
		};
		02B6CB2029DAB1F9009E7BE8 /* Products */ = {
			isa = PBXGroup;
			children = (
				02B6CB1F29DAB1F9009E7BE8 /* HDWallet.app */,
			);
			name = Products;
			sourceTree = "<group>";
		};
		02B6CB2129DAB1F9009E7BE8 /* HDWallet */ = {
			isa = PBXGroup;
			children = (
				024CFD3629DBD1DE0083050E /* Infra */,
				027B0A8829DABD82002FF37F /* Model */,
				027B0A7D29DAB82E002FF37F /* Page */,
				02B6CB2229DAB1F9009E7BE8 /* HDWalletApp.swift */,
				02B31D8A29E6DD470008D9DA /* Env.swift */,
				02B31D8C29E6DDD00008D9DA /* Config.xcconfig */,
				02B31D8E29E6DE060008D9DA /* Info.plist */,
				02B6CB2629DAB1FB009E7BE8 /* Assets.xcassets */,
				02B6CB2829DAB1FB009E7BE8 /* Preview Content */,
			);
			path = HDWallet;
			sourceTree = "<group>";
		};
		02B6CB2829DAB1FB009E7BE8 /* Preview Content */ = {
			isa = PBXGroup;
			children = (
				02B6CB2929DAB1FB009E7BE8 /* Preview Assets.xcassets */,
			);
			path = "Preview Content";
			sourceTree = "<group>";
		};
/* End PBXGroup section */

/* Begin PBXNativeTarget section */
		02B6CB1E29DAB1F9009E7BE8 /* HDWallet */ = {
			isa = PBXNativeTarget;
			buildConfigurationList = 02B6CB2D29DAB1FB009E7BE8 /* Build configuration list for PBXNativeTarget "HDWallet" */;
			buildPhases = (
				02B6CB1B29DAB1F9009E7BE8 /* Sources */,
				02B6CB1C29DAB1F9009E7BE8 /* Frameworks */,
				02B6CB1D29DAB1F9009E7BE8 /* Resources */,
			);
			buildRules = (
			);
			dependencies = (
			);
			name = HDWallet;
			packageProductDependencies = (
				027B0A7829DAB7A8002FF37F /* ComposableArchitecture */,
				027B0A7B29DAB817002FF37F /* ActivityIndicatorView */,
				024CFD3B29DBD37D0083050E /* web3swift */,
			);
			productName = NftyWallet;
			productReference = 02B6CB1F29DAB1F9009E7BE8 /* HDWallet.app */;
			productType = "com.apple.product-type.application";
		};
/* End PBXNativeTarget section */

/* Begin PBXProject section */
		02B6CB1729DAB1F9009E7BE8 /* Project object */ = {
			isa = PBXProject;
			attributes = {
				BuildIndependentTargetsInParallel = 1;
				LastSwiftUpdateCheck = 1430;
				LastUpgradeCheck = 1430;
				TargetAttributes = {
					02B6CB1E29DAB1F9009E7BE8 = {
						CreatedOnToolsVersion = 14.3;
					};
				};
			};
			buildConfigurationList = 02B6CB1A29DAB1F9009E7BE8 /* Build configuration list for PBXProject "HDWallet" */;
			compatibilityVersion = "Xcode 14.0";
			developmentRegion = en;
			hasScannedForEncodings = 0;
			knownRegions = (
				en,
				Base,
			);
			mainGroup = 02B6CB1629DAB1F9009E7BE8;
			packageReferences = (
				027B0A7729DAB7A8002FF37F /* XCRemoteSwiftPackageReference "swift-composable-architecture" */,
				027B0A7A29DAB817002FF37F /* XCRemoteSwiftPackageReference "ActivityIndicatorView" */,
				024CFD3A29DBD37D0083050E /* XCRemoteSwiftPackageReference "web3swift" */,
			);
			productRefGroup = 02B6CB2029DAB1F9009E7BE8 /* Products */;
			projectDirPath = "";
			projectRoot = "";
			targets = (
				02B6CB1E29DAB1F9009E7BE8 /* HDWallet */,
			);
		};
/* End PBXProject section */

/* Begin PBXResourcesBuildPhase section */
		02B6CB1D29DAB1F9009E7BE8 /* Resources */ = {
			isa = PBXResourcesBuildPhase;
			buildActionMask = 2147483647;
			files = (
				02B6CB2A29DAB1FB009E7BE8 /* Preview Assets.xcassets in Resources */,
				02B31D8D29E6DDD00008D9DA /* Config.xcconfig in Resources */,
				02B6CB2729DAB1FB009E7BE8 /* Assets.xcassets in Resources */,
			);
			runOnlyForDeploymentPostprocessing = 0;
		};
/* End PBXResourcesBuildPhase section */

/* Begin PBXSourcesBuildPhase section */
		02B6CB1B29DAB1F9009E7BE8 /* Sources */ = {
			isa = PBXSourcesBuildPhase;
			buildActionMask = 2147483647;
			files = (
				02B88F2F29DD1C870010CB1E /* SelectAccountApp.swift in Sources */,
				02B88F3129DD1D3C0010CB1E /* Account.swift in Sources */,
				027B0A9929DAD69B002FF37F /* Input.swift in Sources */,
				027B0A9329DAC722002FF37F /* ManageKeyApp.swift in Sources */,
				02098CAE29DFF48300BA4C39 /* MnemonicsStore.swift in Sources */,
				024CFD4029DBD49B0083050E /* PrivateKeyStore.swift in Sources */,
				027B0A8129DAB9AB002FF37F /* Navigation+TCA.swift in Sources */,
				0213233929E4329000E4A6C4 /* BIP32KeyStore.swift in Sources */,
				027B0A8329DABBF7002FF37F /* RootApp.swift in Sources */,
				02B31D8B29E6DD470008D9DA /* Env.swift in Sources */,
				027B0A9529DAC736002FF37F /* ManageKeyView.swift in Sources */,
				02B6CB2529DAB1F9009E7BE8 /* RootView.swift in Sources */,
				0269227929DE780400F46297 /* SendEtherView.swift in Sources */,
				02B6CB2329DAB1F9009E7BE8 /* HDWalletApp.swift in Sources */,
				0213233B29E432A000E4A6C4 /* EthereumKeyStore.swift in Sources */,
				024CFD4429DC3BF30083050E /* PrivateKey.swift in Sources */,
				024CFD3829DBD1FF0083050E /* Ethereum.swift in Sources */,
				027B0A9129DAC276002FF37F /* HUD.swift in Sources */,
				02B88F2D29DD1C1E0010CB1E /* SelectAccountView.swift in Sources */,
				024CFD3E29DBD3DE0083050E /* EthereumUtil.swift in Sources */,
				027B0A8529DABD05002FF37F /* WalletApp.swift in Sources */,
				02B88F3829DD75C90010CB1E /* SelectNetworkApp.swift in Sources */,
				027B0A8A29DABD8E002FF37F /* Error.swift in Sources */,
				024CFD4229DBDA6F0083050E /* Network.swift in Sources */,
				0269227729DE75F700F46297 /* SendEtherApp.swift in Sources */,
				027B0A8C29DAC21A002FF37F /* WalletView.swift in Sources */,
				02B88F3329DD51E30010CB1E /* DataStore.swift in Sources */,
				02B88F3A29DD75DB0010CB1E /* SelectNetworkView.swift in Sources */,
				027B0A9729DAD29A002FF37F /* Button.swift in Sources */,
			);
			runOnlyForDeploymentPostprocessing = 0;
		};
/* End PBXSourcesBuildPhase section */

/* Begin XCBuildConfiguration section */
		02B6CB2B29DAB1FB009E7BE8 /* Debug */ = {
			isa = XCBuildConfiguration;
			baseConfigurationReference = 02B31D8C29E6DDD00008D9DA /* Config.xcconfig */;
			buildSettings = {
				ALWAYS_SEARCH_USER_PATHS = NO;
				CLANG_ANALYZER_NONNULL = YES;
				CLANG_ANALYZER_NUMBER_OBJECT_CONVERSION = YES_AGGRESSIVE;
				CLANG_CXX_LANGUAGE_STANDARD = "gnu++20";
				CLANG_ENABLE_MODULES = YES;
				CLANG_ENABLE_OBJC_ARC = YES;
				CLANG_ENABLE_OBJC_WEAK = YES;
				CLANG_WARN_BLOCK_CAPTURE_AUTORELEASING = YES;
				CLANG_WARN_BOOL_CONVERSION = YES;
				CLANG_WARN_COMMA = YES;
				CLANG_WARN_CONSTANT_CONVERSION = YES;
				CLANG_WARN_DEPRECATED_OBJC_IMPLEMENTATIONS = YES;
				CLANG_WARN_DIRECT_OBJC_ISA_USAGE = YES_ERROR;
				CLANG_WARN_DOCUMENTATION_COMMENTS = YES;
				CLANG_WARN_EMPTY_BODY = YES;
				CLANG_WARN_ENUM_CONVERSION = YES;
				CLANG_WARN_INFINITE_RECURSION = YES;
				CLANG_WARN_INT_CONVERSION = YES;
				CLANG_WARN_NON_LITERAL_NULL_CONVERSION = YES;
				CLANG_WARN_OBJC_IMPLICIT_RETAIN_SELF = YES;
				CLANG_WARN_OBJC_LITERAL_CONVERSION = YES;
				CLANG_WARN_OBJC_ROOT_CLASS = YES_ERROR;
				CLANG_WARN_QUOTED_INCLUDE_IN_FRAMEWORK_HEADER = YES;
				CLANG_WARN_RANGE_LOOP_ANALYSIS = YES;
				CLANG_WARN_STRICT_PROTOTYPES = YES;
				CLANG_WARN_SUSPICIOUS_MOVE = YES;
				CLANG_WARN_UNGUARDED_AVAILABILITY = YES_AGGRESSIVE;
				CLANG_WARN_UNREACHABLE_CODE = YES;
				CLANG_WARN__DUPLICATE_METHOD_MATCH = YES;
				COPY_PHASE_STRIP = NO;
				DEBUG_INFORMATION_FORMAT = dwarf;
				ENABLE_STRICT_OBJC_MSGSEND = YES;
				ENABLE_TESTABILITY = YES;
				GCC_C_LANGUAGE_STANDARD = gnu11;
				GCC_DYNAMIC_NO_PIC = NO;
				GCC_NO_COMMON_BLOCKS = YES;
				GCC_OPTIMIZATION_LEVEL = 0;
				GCC_PREPROCESSOR_DEFINITIONS = (
					"DEBUG=1",
					"$(inherited)",
				);
				GCC_WARN_64_TO_32_BIT_CONVERSION = YES;
				GCC_WARN_ABOUT_RETURN_TYPE = YES_ERROR;
				GCC_WARN_UNDECLARED_SELECTOR = YES;
				GCC_WARN_UNINITIALIZED_AUTOS = YES_AGGRESSIVE;
				GCC_WARN_UNUSED_FUNCTION = YES;
				GCC_WARN_UNUSED_VARIABLE = YES;
				IPHONEOS_DEPLOYMENT_TARGET = 16.0;
				MTL_ENABLE_DEBUG_INFO = INCLUDE_SOURCE;
				MTL_FAST_MATH = YES;
				ONLY_ACTIVE_ARCH = YES;
				SDKROOT = iphoneos;
				SWIFT_ACTIVE_COMPILATION_CONDITIONS = DEBUG;
				SWIFT_OPTIMIZATION_LEVEL = "-Onone";
			};
			name = Debug;
		};
		02B6CB2C29DAB1FB009E7BE8 /* Release */ = {
			isa = XCBuildConfiguration;
			baseConfigurationReference = 02B31D8C29E6DDD00008D9DA /* Config.xcconfig */;
			buildSettings = {
				ALWAYS_SEARCH_USER_PATHS = NO;
				CLANG_ANALYZER_NONNULL = YES;
				CLANG_ANALYZER_NUMBER_OBJECT_CONVERSION = YES_AGGRESSIVE;
				CLANG_CXX_LANGUAGE_STANDARD = "gnu++20";
				CLANG_ENABLE_MODULES = YES;
				CLANG_ENABLE_OBJC_ARC = YES;
				CLANG_ENABLE_OBJC_WEAK = YES;
				CLANG_WARN_BLOCK_CAPTURE_AUTORELEASING = YES;
				CLANG_WARN_BOOL_CONVERSION = YES;
				CLANG_WARN_COMMA = YES;
				CLANG_WARN_CONSTANT_CONVERSION = YES;
				CLANG_WARN_DEPRECATED_OBJC_IMPLEMENTATIONS = YES;
				CLANG_WARN_DIRECT_OBJC_ISA_USAGE = YES_ERROR;
				CLANG_WARN_DOCUMENTATION_COMMENTS = YES;
				CLANG_WARN_EMPTY_BODY = YES;
				CLANG_WARN_ENUM_CONVERSION = YES;
				CLANG_WARN_INFINITE_RECURSION = YES;
				CLANG_WARN_INT_CONVERSION = YES;
				CLANG_WARN_NON_LITERAL_NULL_CONVERSION = YES;
				CLANG_WARN_OBJC_IMPLICIT_RETAIN_SELF = YES;
				CLANG_WARN_OBJC_LITERAL_CONVERSION = YES;
				CLANG_WARN_OBJC_ROOT_CLASS = YES_ERROR;
				CLANG_WARN_QUOTED_INCLUDE_IN_FRAMEWORK_HEADER = YES;
				CLANG_WARN_RANGE_LOOP_ANALYSIS = YES;
				CLANG_WARN_STRICT_PROTOTYPES = YES;
				CLANG_WARN_SUSPICIOUS_MOVE = YES;
				CLANG_WARN_UNGUARDED_AVAILABILITY = YES_AGGRESSIVE;
				CLANG_WARN_UNREACHABLE_CODE = YES;
				CLANG_WARN__DUPLICATE_METHOD_MATCH = YES;
				COPY_PHASE_STRIP = NO;
				DEBUG_INFORMATION_FORMAT = "dwarf-with-dsym";
				ENABLE_NS_ASSERTIONS = NO;
				ENABLE_STRICT_OBJC_MSGSEND = YES;
				GCC_C_LANGUAGE_STANDARD = gnu11;
				GCC_NO_COMMON_BLOCKS = YES;
				GCC_WARN_64_TO_32_BIT_CONVERSION = YES;
				GCC_WARN_ABOUT_RETURN_TYPE = YES_ERROR;
				GCC_WARN_UNDECLARED_SELECTOR = YES;
				GCC_WARN_UNINITIALIZED_AUTOS = YES_AGGRESSIVE;
				GCC_WARN_UNUSED_FUNCTION = YES;
				GCC_WARN_UNUSED_VARIABLE = YES;
				IPHONEOS_DEPLOYMENT_TARGET = 16.0;
				MTL_ENABLE_DEBUG_INFO = NO;
				MTL_FAST_MATH = YES;
				SDKROOT = iphoneos;
				SWIFT_COMPILATION_MODE = wholemodule;
				SWIFT_OPTIMIZATION_LEVEL = "-O";
				VALIDATE_PRODUCT = YES;
			};
			name = Release;
		};
		02B6CB2E29DAB1FB009E7BE8 /* Debug */ = {
			isa = XCBuildConfiguration;
			buildSettings = {
				ASSETCATALOG_COMPILER_APPICON_NAME = AppIcon;
				ASSETCATALOG_COMPILER_GLOBAL_ACCENT_COLOR_NAME = AccentColor;
				CODE_SIGN_IDENTITY = "Apple Development";
				"CODE_SIGN_IDENTITY[sdk=iphoneos*]" = "iPhone Developer";
				CODE_SIGN_STYLE = Manual;
				CURRENT_PROJECT_VERSION = 1;
				DEVELOPMENT_ASSET_PATHS = "\"HDWallet/Preview Content\"";
				DEVELOPMENT_TEAM = "";
				"DEVELOPMENT_TEAM[sdk=iphoneos*]" = 39KF2M8S75;
				ENABLE_PREVIEWS = YES;
				GENERATE_INFOPLIST_FILE = YES;
				INFOPLIST_FILE = HDWallet/Info.plist;
				INFOPLIST_KEY_CFBundleDisplayName = HDWallet;
				INFOPLIST_KEY_UIApplicationSceneManifest_Generation = YES;
				INFOPLIST_KEY_UIApplicationSupportsIndirectInputEvents = YES;
				INFOPLIST_KEY_UILaunchScreen_Generation = YES;
				INFOPLIST_KEY_UISupportedInterfaceOrientations = UIInterfaceOrientationPortrait;
				INFOPLIST_KEY_UISupportedInterfaceOrientations_iPad = "UIInterfaceOrientationLandscapeLeft UIInterfaceOrientationLandscapeRight UIInterfaceOrientationPortrait UIInterfaceOrientationPortraitUpsideDown";
				LD_RUNPATH_SEARCH_PATHS = (
					"$(inherited)",
					"@executable_path/Frameworks",
				);
				MARKETING_VERSION = 1.0;
				PRODUCT_BUNDLE_IDENTIFIER = "app.akiho.hd-wallet";
				PRODUCT_NAME = "$(TARGET_NAME)";
				PROVISIONING_PROFILE_SPECIFIER = "";
				"PROVISIONING_PROFILE_SPECIFIER[sdk=iphoneos*]" = "hd wallet dev";
				SUPPORTED_PLATFORMS = "iphoneos iphonesimulator";
				SUPPORTS_MACCATALYST = NO;
				SUPPORTS_MAC_DESIGNED_FOR_IPHONE_IPAD = NO;
				SWIFT_EMIT_LOC_STRINGS = YES;
				SWIFT_VERSION = 5.0;
				TARGETED_DEVICE_FAMILY = 1;
			};
			name = Debug;
		};
		02B6CB2F29DAB1FB009E7BE8 /* Release */ = {
			isa = XCBuildConfiguration;
			buildSettings = {
				ASSETCATALOG_COMPILER_APPICON_NAME = AppIcon;
				ASSETCATALOG_COMPILER_GLOBAL_ACCENT_COLOR_NAME = AccentColor;
				CODE_SIGN_IDENTITY = "Apple Development";
				"CODE_SIGN_IDENTITY[sdk=iphoneos*]" = "iPhone Developer";
				CODE_SIGN_STYLE = Manual;
				CURRENT_PROJECT_VERSION = 1;
				DEVELOPMENT_ASSET_PATHS = "\"HDWallet/Preview Content\"";
				DEVELOPMENT_TEAM = "";
				"DEVELOPMENT_TEAM[sdk=iphoneos*]" = 39KF2M8S75;
				ENABLE_PREVIEWS = YES;
				GENERATE_INFOPLIST_FILE = YES;
				INFOPLIST_FILE = HDWallet/Info.plist;
				INFOPLIST_KEY_CFBundleDisplayName = HDWallet;
				INFOPLIST_KEY_UIApplicationSceneManifest_Generation = YES;
				INFOPLIST_KEY_UIApplicationSupportsIndirectInputEvents = YES;
				INFOPLIST_KEY_UILaunchScreen_Generation = YES;
				INFOPLIST_KEY_UISupportedInterfaceOrientations = UIInterfaceOrientationPortrait;
				INFOPLIST_KEY_UISupportedInterfaceOrientations_iPad = "UIInterfaceOrientationLandscapeLeft UIInterfaceOrientationLandscapeRight UIInterfaceOrientationPortrait UIInterfaceOrientationPortraitUpsideDown";
				LD_RUNPATH_SEARCH_PATHS = (
					"$(inherited)",
					"@executable_path/Frameworks",
				);
				MARKETING_VERSION = 1.0;
				PRODUCT_BUNDLE_IDENTIFIER = "app.akiho.hd-wallet";
				PRODUCT_NAME = "$(TARGET_NAME)";
				PROVISIONING_PROFILE_SPECIFIER = "";
				"PROVISIONING_PROFILE_SPECIFIER[sdk=iphoneos*]" = "hd wallet dev";
				SUPPORTED_PLATFORMS = "iphoneos iphonesimulator";
				SUPPORTS_MACCATALYST = NO;
				SUPPORTS_MAC_DESIGNED_FOR_IPHONE_IPAD = NO;
				SWIFT_EMIT_LOC_STRINGS = YES;
				SWIFT_VERSION = 5.0;
				TARGETED_DEVICE_FAMILY = 1;
			};
			name = Release;
		};
/* End XCBuildConfiguration section */

/* Begin XCConfigurationList section */
		02B6CB1A29DAB1F9009E7BE8 /* Build configuration list for PBXProject "HDWallet" */ = {
			isa = XCConfigurationList;
			buildConfigurations = (
				02B6CB2B29DAB1FB009E7BE8 /* Debug */,
				02B6CB2C29DAB1FB009E7BE8 /* Release */,
			);
			defaultConfigurationIsVisible = 0;
			defaultConfigurationName = Release;
		};
		02B6CB2D29DAB1FB009E7BE8 /* Build configuration list for PBXNativeTarget "HDWallet" */ = {
			isa = XCConfigurationList;
			buildConfigurations = (
				02B6CB2E29DAB1FB009E7BE8 /* Debug */,
				02B6CB2F29DAB1FB009E7BE8 /* Release */,
			);
			defaultConfigurationIsVisible = 0;
			defaultConfigurationName = Release;
		};
/* End XCConfigurationList section */

/* Begin XCRemoteSwiftPackageReference section */
		024CFD3A29DBD37D0083050E /* XCRemoteSwiftPackageReference "web3swift" */ = {
			isa = XCRemoteSwiftPackageReference;
			repositoryURL = "https://github.com/skywinder/web3swift.git";
			requirement = {
				kind = upToNextMajorVersion;
				minimumVersion = 3.0.0;
			};
		};
		027B0A7729DAB7A8002FF37F /* XCRemoteSwiftPackageReference "swift-composable-architecture" */ = {
			isa = XCRemoteSwiftPackageReference;
			repositoryURL = "https://github.com/pointfreeco/swift-composable-architecture";
			requirement = {
				branch = main;
				kind = branch;
			};
		};
		027B0A7A29DAB817002FF37F /* XCRemoteSwiftPackageReference "ActivityIndicatorView" */ = {
			isa = XCRemoteSwiftPackageReference;
			repositoryURL = "https://github.com/exyte/ActivityIndicatorView.git";
			requirement = {
				branch = master;
				kind = branch;
			};
		};
/* End XCRemoteSwiftPackageReference section */

/* Begin XCSwiftPackageProductDependency section */
		024CFD3B29DBD37D0083050E /* web3swift */ = {
			isa = XCSwiftPackageProductDependency;
			package = 024CFD3A29DBD37D0083050E /* XCRemoteSwiftPackageReference "web3swift" */;
			productName = web3swift;
		};
		027B0A7829DAB7A8002FF37F /* ComposableArchitecture */ = {
			isa = XCSwiftPackageProductDependency;
			package = 027B0A7729DAB7A8002FF37F /* XCRemoteSwiftPackageReference "swift-composable-architecture" */;
			productName = ComposableArchitecture;
		};
		027B0A7B29DAB817002FF37F /* ActivityIndicatorView */ = {
			isa = XCSwiftPackageProductDependency;
			package = 027B0A7A29DAB817002FF37F /* XCRemoteSwiftPackageReference "ActivityIndicatorView" */;
			productName = ActivityIndicatorView;
		};
/* End XCSwiftPackageProductDependency section */
	};
	rootObject = 02B6CB1729DAB1F9009E7BE8 /* Project object */;
}
